
Microsoft Visual Studio Solution File, Format Version 12.00
# Visual Studio 2013
VisualStudioVersion = 12.0.31101.0
MinimumVisualStudioVersion = 10.0.40219.1
Project("{E24C65DC-7377-472B-9ABA-BC803B73C61A}") = "JquerySamples", "http://localhost:24917", "{EE365C72-F4A7-4D78-9AD1-7DC8050F7333}"
	ProjectSection(WebsiteProperties) = preProject
		UseIISExpress = "true"
		TargetFrameworkMoniker = ".NETFramework,Version%3Dv4.5"
		Debug.AspNetCompiler.VirtualPath = "/localhost_24917"
		Debug.AspNetCompiler.PhysicalPath = "..\JquerySamples\"
		Debug.AspNetCompiler.TargetPath = "PrecompiledWeb\localhost_24917\"
		Debug.AspNetCompiler.Updateable = "true"
		Debug.AspNetCompiler.ForceOverwrite = "true"
		Debug.AspNetCompiler.FixedNames = "false"
		Debug.AspNetCompiler.Debug = "True"
		Release.AspNetCompiler.VirtualPath = "/localhost_24917"
		Release.AspNetCompiler.PhysicalPath = "..\JquerySamples\"
		Release.AspNetCompiler.TargetPath = "PrecompiledWeb\localhost_24917\"
		Release.AspNetCompiler.Updateable = "true"
		Release.AspNetCompiler.ForceOverwrite = "true"
		Release.AspNetCompiler.FixedNames = "false"
		Release.AspNetCompiler.Debug = "False"
		SlnRelativePath = "..\JquerySamples\"
	EndProjectSection
EndProject
Global
	GlobalSection(SolutionConfigurationPlatforms) = preSolution
		Debug|Any CPU = Debug|Any CPU
	EndGlobalSection
	GlobalSection(ProjectConfigurationPlatforms) = postSolution
		{EE365C72-F4A7-4D78-9AD1-7DC8050F7333}.Debug|Any CPU.ActiveCfg = Debug|Any CPU
		{EE365C72-F4A7-4D78-9AD1-7DC8050F7333}.Debug|Any CPU.Build.0 = Debug|Any CPU
	EndGlobalSection
	GlobalSection(SolutionProperties) = preSolution
		HideSolutionNode = FALSE
	EndGlobalSection
EndGlobal
